
Microsoft Visual Studio Solution File, Format Version 12.00
# Visual Studio 15
VisualStudioVersion = 15.0.27130.2036
MinimumVisualStudioVersion = 10.0.40219.1
Project("{FAE04EC0-301F-11D3-BF4B-00C04F79EFBC}") = "ArchivistGame.Android", "ArchivistGame\ArchivistGame.Android\ArchivistGame.Android.csproj", "{32C51A03-4653-4C72-BA9A-4B7B46D0A657}"
EndProject
Project("{FAE04EC0-301F-11D3-BF4B-00C04F79EFBC}") = "ArchivistGame.UWP", "ArchivistGame\ArchivistGame.UWP\ArchivistGame.UWP.csproj", "{44247361-1399-4A8D-A3D2-7F50C1028B01}"
EndProject
Project("{D954291E-2A0B-460D-934E-DC6B0785DB48}") = "ArchivistGame", "ArchivistGame\ArchivistGame\ArchivistGame.shproj", "{8B651271-89EF-4771-92AF-DED94CA84FE2}"
EndProject
Global
	GlobalSection(SharedMSBuildProjectFiles) = preSolution
		ArchivistGame\ArchivistGame\ArchivistGame.projitems*{32c51a03-4653-4c72-ba9a-4b7b46d0a657}*SharedItemsImports = 4
		ArchivistGame\ArchivistGame\ArchivistGame.projitems*{44247361-1399-4a8d-a3d2-7f50c1028b01}*SharedItemsImports = 4
		ArchivistGame\ArchivistGame\ArchivistGame.projitems*{8b651271-89ef-4771-92af-ded94ca84fe2}*SharedItemsImports = 13
	EndGlobalSection
	GlobalSection(SolutionConfigurationPlatforms) = preSolution
		Ad-Hoc|Any CPU = Ad-Hoc|Any CPU
		Ad-Hoc|ARM = Ad-Hoc|ARM
		Ad-Hoc|iPhone = Ad-Hoc|iPhone
		Ad-Hoc|iPhoneSimulator = Ad-Hoc|iPhoneSimulator
		Ad-Hoc|x64 = Ad-Hoc|x64
		Ad-Hoc|x86 = Ad-Hoc|x86
		AppStore|Any CPU = AppStore|Any CPU
		AppStore|ARM = AppStore|ARM
		AppStore|iPhone = AppStore|iPhone
		AppStore|iPhoneSimulator = AppStore|iPhoneSimulator
		AppStore|x64 = AppStore|x64
		AppStore|x86 = AppStore|x86
		Debug|Any CPU = Debug|Any CPU
		Debug|ARM = Debug|ARM
		Debug|iPhone = Debug|iPhone
		Debug|iPhoneSimulator = Debug|iPhoneSimulator
		Debug|x64 = Debug|x64
		Debug|x86 = Debug|x86
		Release|Any CPU = Release|Any CPU
		Release|ARM = Release|ARM
		Release|iPhone = Release|iPhone
		Release|iPhoneSimulator = Release|iPhoneSimulator
		Release|x64 = Release|x64
		Release|x86 = Release|x86
	EndGlobalSection
	GlobalSection(ProjectConfigurationPlatforms) = postSolution
		{32C51A03-4653-4C72-BA9A-4B7B46D0A657}.Ad-Hoc|Any CPU.ActiveCfg = Release|Any CPU
		{32C51A03-4653-4C72-BA9A-4B7B46D0A657}.Ad-Hoc|Any CPU.Build.0 = Release|Any CPU
		{32C51A03-4653-4C72-BA9A-4B7B46D0A657}.Ad-Hoc|Any CPU.Deploy.0 = Release|Any CPU
		{32C51A03-4653-4C72-BA9A-4B7B46D0A657}.Ad-Hoc|ARM.ActiveCfg = Release|Any CPU
		{32C51A03-4653-4C72-BA9A-4B7B46D0A657}.Ad-Hoc|ARM.Build.0 = Release|Any CPU
		{32C51A03-4653-4C72-BA9A-4B7B46D0A657}.Ad-Hoc|ARM.Deploy.0 = Release|Any CPU
		{32C51A03-4653-4C72-BA9A-4B7B46D0A657}.Ad-Hoc|iPhone.ActiveCfg = Release|Any CPU
		{32C51A03-4653-4C72-BA9A-4B7B46D0A657}.Ad-Hoc|iPhone.Build.0 = Release|Any CPU
		{32C51A03-4653-4C72-BA9A-4B7B46D0A657}.Ad-Hoc|iPhone.Deploy.0 = Release|Any CPU
		{32C51A03-4653-4C72-BA9A-4B7B46D0A657}.Ad-Hoc|iPhoneSimulator.ActiveCfg = Release|Any CPU
		{32C51A03-4653-4C72-BA9A-4B7B46D0A657}.Ad-Hoc|iPhoneSimulator.Build.0 = Release|Any CPU
		{32C51A03-4653-4C72-BA9A-4B7B46D0A657}.Ad-Hoc|iPhoneSimulator.Deploy.0 = Release|Any CPU
		{32C51A03-4653-4C72-BA9A-4B7B46D0A657}.Ad-Hoc|x64.ActiveCfg = Release|Any CPU
		{32C51A03-4653-4C72-BA9A-4B7B46D0A657}.Ad-Hoc|x64.Build.0 = Release|Any CPU
		{32C51A03-4653-4C72-BA9A-4B7B46D0A657}.Ad-Hoc|x64.Deploy.0 = Release|Any CPU
		{32C51A03-4653-4C72-BA9A-4B7B46D0A657}.Ad-Hoc|x86.ActiveCfg = Release|Any CPU
		{32C51A03-4653-4C72-BA9A-4B7B46D0A657}.Ad-Hoc|x86.Build.0 = Release|Any CPU
		{32C51A03-4653-4C72-BA9A-4B7B46D0A657}.Ad-Hoc|x86.Deploy.0 = Release|Any CPU
		{32C51A03-4653-4C72-BA9A-4B7B46D0A657}.AppStore|Any CPU.ActiveCfg = Release|Any CPU
		{32C51A03-4653-4C72-BA9A-4B7B46D0A657}.AppStore|Any CPU.Build.0 = Release|Any CPU
		{32C51A03-4653-4C72-BA9A-4B7B46D0A657}.AppStore|Any CPU.Deploy.0 = Release|Any CPU
		{32C51A03-4653-4C72-BA9A-4B7B46D0A657}.AppStore|ARM.ActiveCfg = Release|Any CPU
		{32C51A03-4653-4C72-BA9A-4B7B46D0A657}.AppStore|ARM.Build.0 = Release|Any CPU
		{32C51A03-4653-4C72-BA9A-4B7B46D0A657}.AppStore|ARM.Deploy.0 = Release|Any CPU
		{32C51A03-4653-4C72-BA9A-4B7B46D0A657}.AppStore|iPhone.ActiveCfg = Release|Any CPU
		{32C51A03-4653-4C72-BA9A-4B7B46D0A657}.AppStore|iPhone.Build.0 = Release|Any CPU
		{32C51A03-4653-4C72-BA9A-4B7B46D0A657}.AppStore|iPhone.Deploy.0 = Release|Any CPU
		{32C51A03-4653-4C72-BA9A-4B7B46D0A657}.AppStore|iPhoneSimulator.ActiveCfg = Release|Any CPU
		{32C51A03-4653-4C72-BA9A-4B7B46D0A657}.AppStore|iPhoneSimulator.Build.0 = Release|Any CPU
		{32C51A03-4653-4C72-BA9A-4B7B46D0A657}.AppStore|iPhoneSimulator.Deploy.0 = Release|Any CPU
		{32C51A03-4653-4C72-BA9A-4B7B46D0A657}.AppStore|x64.ActiveCfg = Release|Any CPU
		{32C51A03-4653-4C72-BA9A-4B7B46D0A657}.AppStore|x64.Build.0 = Release|Any CPU
		{32C51A03-4653-4C72-BA9A-4B7B46D0A657}.AppStore|x64.Deploy.0 = Release|Any CPU
		{32C51A03-4653-4C72-BA9A-4B7B46D0A657}.AppStore|x86.ActiveCfg = Release|Any CPU
		{32C51A03-4653-4C72-BA9A-4B7B46D0A657}.AppStore|x86.Build.0 = Release|Any CPU
		{32C51A03-4653-4C72-BA9A-4B7B46D0A657}.AppStore|x86.Deploy.0 = Release|Any CPU
		{32C51A03-4653-4C72-BA9A-4B7B46D0A657}.Debug|Any CPU.ActiveCfg = Debug|Any CPU
		{32C51A03-4653-4C72-BA9A-4B7B46D0A657}.Debug|Any CPU.Build.0 = Debug|Any CPU
		{32C51A03-4653-4C72-BA9A-4B7B46D0A657}.Debug|Any CPU.Deploy.0 = Debug|Any CPU
		{32C51A03-4653-4C72-BA9A-4B7B46D0A657}.Debug|ARM.ActiveCfg = Debug|Any CPU
		{32C51A03-4653-4C72-BA9A-4B7B46D0A657}.Debug|ARM.Build.0 = Debug|Any CPU
		{32C51A03-4653-4C72-BA9A-4B7B46D0A657}.Debug|ARM.Deploy.0 = Debug|Any CPU
		{32C51A03-4653-4C72-BA9A-4B7B46D0A657}.Debug|iPhone.ActiveCfg = Debug|Any CPU
		{32C51A03-4653-4C72-BA9A-4B7B46D0A657}.Debug|iPhone.Build.0 = Debug|Any CPU
		{32C51A03-4653-4C72-BA9A-4B7B46D0A657}.Debug|iPhone.Deploy.0 = Debug|Any CPU
		{32C51A03-4653-4C72-BA9A-4B7B46D0A657}.Debug|iPhoneSimulator.ActiveCfg = Debug|Any CPU
		{32C51A03-4653-4C72-BA9A-4B7B46D0A657}.Debug|iPhoneSimulator.Build.0 = Debug|Any CPU
		{32C51A03-4653-4C72-BA9A-4B7B46D0A657}.Debug|iPhoneSimulator.Deploy.0 = Debug|Any CPU
		{32C51A03-4653-4C72-BA9A-4B7B46D0A657}.Debug|x64.ActiveCfg = Debug|Any CPU
		{32C51A03-4653-4C72-BA9A-4B7B46D0A657}.Debug|x64.Build.0 = Debug|Any CPU
		{32C51A03-4653-4C72-BA9A-4B7B46D0A657}.Debug|x64.Deploy.0 = Debug|Any CPU
		{32C51A03-4653-4C72-BA9A-4B7B46D0A657}.Debug|x86.ActiveCfg = Debug|Any CPU
		{32C51A03-4653-4C72-BA9A-4B7B46D0A657}.Debug|x86.Build.0 = Debug|Any CPU
		{32C51A03-4653-4C72-BA9A-4B7B46D0A657}.Debug|x86.Deploy.0 = Debug|Any CPU
		{32C51A03-4653-4C72-BA9A-4B7B46D0A657}.Release|Any CPU.ActiveCfg = Release|Any CPU
		{32C51A03-4653-4C72-BA9A-4B7B46D0A657}.Release|Any CPU.Build.0 = Release|Any CPU
		{32C51A03-4653-4C72-BA9A-4B7B46D0A657}.Release|Any CPU.Deploy.0 = Release|Any CPU
		{32C51A03-4653-4C72-BA9A-4B7B46D0A657}.Release|ARM.ActiveCfg = Release|Any CPU
		{32C51A03-4653-4C72-BA9A-4B7B46D0A657}.Release|ARM.Build.0 = Release|Any CPU
		{32C51A03-4653-4C72-BA9A-4B7B46D0A657}.Release|ARM.Deploy.0 = Release|Any CPU
		{32C51A03-4653-4C72-BA9A-4B7B46D0A657}.Release|iPhone.ActiveCfg = Release|Any CPU
		{32C51A03-4653-4C72-BA9A-4B7B46D0A657}.Release|iPhone.Build.0 = Release|Any CPU
		{32C51A03-4653-4C72-BA9A-4B7B46D0A657}.Release|iPhone.Deploy.0 = Release|Any CPU
		{32C51A03-4653-4C72-BA9A-4B7B46D0A657}.Release|iPhoneSimulator.ActiveCfg = Release|Any CPU
		{32C51A03-4653-4C72-BA9A-4B7B46D0A657}.Release|iPhoneSimulator.Build.0 = Release|Any CPU
		{32C51A03-4653-4C72-BA9A-4B7B46D0A657}.Release|iPhoneSimulator.Deploy.0 = Release|Any CPU
		{32C51A03-4653-4C72-BA9A-4B7B46D0A657}.Release|x64.ActiveCfg = Release|Any CPU
		{32C51A03-4653-4C72-BA9A-4B7B46D0A657}.Release|x64.Build.0 = Release|Any CPU
		{32C51A03-4653-4C72-BA9A-4B7B46D0A657}.Release|x64.Deploy.0 = Release|Any CPU
		{32C51A03-4653-4C72-BA9A-4B7B46D0A657}.Release|x86.ActiveCfg = Release|Any CPU
		{32C51A03-4653-4C72-BA9A-4B7B46D0A657}.Release|x86.Build.0 = Release|Any CPU
		{32C51A03-4653-4C72-BA9A-4B7B46D0A657}.Release|x86.Deploy.0 = Release|Any CPU
		{44247361-1399-4A8D-A3D2-7F50C1028B01}.Ad-Hoc|Any CPU.ActiveCfg = Release|x86
		{44247361-1399-4A8D-A3D2-7F50C1028B01}.Ad-Hoc|Any CPU.Build.0 = Release|x86
		{44247361-1399-4A8D-A3D2-7F50C1028B01}.Ad-Hoc|Any CPU.Deploy.0 = Release|x86
		{44247361-1399-4A8D-A3D2-7F50C1028B01}.Ad-Hoc|ARM.ActiveCfg = Release|ARM
		{44247361-1399-4A8D-A3D2-7F50C1028B01}.Ad-Hoc|ARM.Build.0 = Release|ARM
		{44247361-1399-4A8D-A3D2-7F50C1028B01}.Ad-Hoc|ARM.Deploy.0 = Release|ARM
		{44247361-1399-4A8D-A3D2-7F50C1028B01}.Ad-Hoc|iPhone.ActiveCfg = Release|x86
		{44247361-1399-4A8D-A3D2-7F50C1028B01}.Ad-Hoc|iPhone.Build.0 = Release|x86
		{44247361-1399-4A8D-A3D2-7F50C1028B01}.Ad-Hoc|iPhone.Deploy.0 = Release|x86
		{44247361-1399-4A8D-A3D2-7F50C1028B01}.Ad-Hoc|iPhoneSimulator.ActiveCfg = Release|x86
		{44247361-1399-4A8D-A3D2-7F50C1028B01}.Ad-Hoc|iPhoneSimulator.Build.0 = Release|x86
		{44247361-1399-4A8D-A3D2-7F50C1028B01}.Ad-Hoc|iPhoneSimulator.Deploy.0 = Release|x86
		{44247361-1399-4A8D-A3D2-7F50C1028B01}.Ad-Hoc|x64.ActiveCfg = Release|x64
		{44247361-1399-4A8D-A3D2-7F50C1028B01}.Ad-Hoc|x64.Build.0 = Release|x64
		{44247361-1399-4A8D-A3D2-7F50C1028B01}.Ad-Hoc|x64.Deploy.0 = Release|x64
		{44247361-1399-4A8D-A3D2-7F50C1028B01}.Ad-Hoc|x86.ActiveCfg = Release|x86
		{44247361-1399-4A8D-A3D2-7F50C1028B01}.Ad-Hoc|x86.Build.0 = Release|x86
		{44247361-1399-4A8D-A3D2-7F50C1028B01}.Ad-Hoc|x86.Deploy.0 = Release|x86
		{44247361-1399-4A8D-A3D2-7F50C1028B01}.AppStore|Any CPU.ActiveCfg = Release|x86
		{44247361-1399-4A8D-A3D2-7F50C1028B01}.AppStore|Any CPU.Build.0 = Release|x86
		{44247361-1399-4A8D-A3D2-7F50C1028B01}.AppStore|Any CPU.Deploy.0 = Release|x86
		{44247361-1399-4A8D-A3D2-7F50C1028B01}.AppStore|ARM.ActiveCfg = Release|ARM
		{44247361-1399-4A8D-A3D2-7F50C1028B01}.AppStore|ARM.Build.0 = Release|ARM
		{44247361-1399-4A8D-A3D2-7F50C1028B01}.AppStore|ARM.Deploy.0 = Release|ARM
		{44247361-1399-4A8D-A3D2-7F50C1028B01}.AppStore|iPhone.ActiveCfg = Release|x86
		{44247361-1399-4A8D-A3D2-7F50C1028B01}.AppStore|iPhone.Build.0 = Release|x86
		{44247361-1399-4A8D-A3D2-7F50C1028B01}.AppStore|iPhone.Deploy.0 = Release|x86
		{44247361-1399-4A8D-A3D2-7F50C1028B01}.AppStore|iPhoneSimulator.ActiveCfg = Release|x86
		{44247361-1399-4A8D-A3D2-7F50C1028B01}.AppStore|iPhoneSimulator.Build.0 = Release|x86
		{44247361-1399-4A8D-A3D2-7F50C1028B01}.AppStore|iPhoneSimulator.Deploy.0 = Release|x86
		{44247361-1399-4A8D-A3D2-7F50C1028B01}.AppStore|x64.ActiveCfg = Release|x64
		{44247361-1399-4A8D-A3D2-7F50C1028B01}.AppStore|x64.Build.0 = Release|x64
		{44247361-1399-4A8D-A3D2-7F50C1028B01}.AppStore|x64.Deploy.0 = Release|x64
		{44247361-1399-4A8D-A3D2-7F50C1028B01}.AppStore|x86.ActiveCfg = Release|x86
		{44247361-1399-4A8D-A3D2-7F50C1028B01}.AppStore|x86.Build.0 = Release|x86
		{44247361-1399-4A8D-A3D2-7F50C1028B01}.AppStore|x86.Deploy.0 = Release|x86
		{44247361-1399-4A8D-A3D2-7F50C1028B01}.Debug|Any CPU.ActiveCfg = Debug|x86
		{44247361-1399-4A8D-A3D2-7F50C1028B01}.Debug|ARM.ActiveCfg = Debug|ARM
		{44247361-1399-4A8D-A3D2-7F50C1028B01}.Debug|ARM.Build.0 = Debug|ARM
		{44247361-1399-4A8D-A3D2-7F50C1028B01}.Debug|ARM.Deploy.0 = Debug|ARM
		{44247361-1399-4A8D-A3D2-7F50C1028B01}.Debug|iPhone.ActiveCfg = Debug|x86
		{44247361-1399-4A8D-A3D2-7F50C1028B01}.Debug|iPhoneSimulator.ActiveCfg = Debug|x86
		{44247361-1399-4A8D-A3D2-7F50C1028B01}.Debug|x64.ActiveCfg = Debug|x64
		{44247361-1399-4A8D-A3D2-7F50C1028B01}.Debug|x64.Build.0 = Debug|x64
		{44247361-1399-4A8D-A3D2-7F50C1028B01}.Debug|x64.Deploy.0 = Debug|x64
		{44247361-1399-4A8D-A3D2-7F50C1028B01}.Debug|x86.ActiveCfg = Debug|x86
		{44247361-1399-4A8D-A3D2-7F50C1028B01}.Debug|x86.Build.0 = Debug|x86
		{44247361-1399-4A8D-A3D2-7F50C1028B01}.Debug|x86.Deploy.0 = Debug|x86
		{44247361-1399-4A8D-A3D2-7F50C1028B01}.Release|Any CPU.ActiveCfg = Release|x86
		{44247361-1399-4A8D-A3D2-7F50C1028B01}.Release|ARM.ActiveCfg = Release|ARM
		{44247361-1399-4A8D-A3D2-7F50C1028B01}.Release|ARM.Build.0 = Release|ARM
		{44247361-1399-4A8D-A3D2-7F50C1028B01}.Release|ARM.Deploy.0 = Release|ARM
		{44247361-1399-4A8D-A3D2-7F50C1028B01}.Release|iPhone.ActiveCfg = Release|x86
		{44247361-1399-4A8D-A3D2-7F50C1028B01}.Release|iPhoneSimulator.ActiveCfg = Release|x86
		{44247361-1399-4A8D-A3D2-7F50C1028B01}.Release|x64.ActiveCfg = Release|x64
		{44247361-1399-4A8D-A3D2-7F50C1028B01}.Release|x64.Build.0 = Release|x64
		{44247361-1399-4A8D-A3D2-7F50C1028B01}.Release|x64.Deploy.0 = Release|x64
		{44247361-1399-4A8D-A3D2-7F50C1028B01}.Release|x86.ActiveCfg = Release|x86
		{44247361-1399-4A8D-A3D2-7F50C1028B01}.Release|x86.Build.0 = Release|x86
		{44247361-1399-4A8D-A3D2-7F50C1028B01}.Release|x86.Deploy.0 = Release|x86
	EndGlobalSection
	GlobalSection(SolutionProperties) = preSolution
		HideSolutionNode = FALSE
	EndGlobalSection
	GlobalSection(ExtensibilityGlobals) = postSolution
		SolutionGuid = {30E97976-7373-4050-9223-CAEF5675FF67}
	EndGlobalSection
EndGlobal
