
Microsoft Visual Studio Solution File, Format Version 12.00
# Visual Studio 15
VisualStudioVersion = 15.0.27130.2020
MinimumVisualStudioVersion = 10.0.40219.1
Project("{9092AA53-FB77-4645-B42D-1CCCA6BD08BD}") = "ArchivistNodeJS", "ArchivistNodeJS\ArchivistNodeJS.njsproj", "{5DE48D36-559E-4614-92A3-E29E9B9D54BF}"
EndProject
Global
	GlobalSection(SolutionConfigurationPlatforms) = preSolution
		Debug|Any CPU = Debug|Any CPU
		Release|Any CPU = Release|Any CPU
	EndGlobalSection
	GlobalSection(ProjectConfigurationPlatforms) = postSolution
		{5DE48D36-559E-4614-92A3-E29E9B9D54BF}.Debug|Any CPU.ActiveCfg = Debug|Any CPU
		{5DE48D36-559E-4614-92A3-E29E9B9D54BF}.Debug|Any CPU.Build.0 = Debug|Any CPU
		{5DE48D36-559E-4614-92A3-E29E9B9D54BF}.Release|Any CPU.ActiveCfg = Release|Any CPU
		{5DE48D36-559E-4614-92A3-E29E9B9D54BF}.Release|Any CPU.Build.0 = Release|Any CPU
	EndGlobalSection
	GlobalSection(SolutionProperties) = preSolution
		HideSolutionNode = FALSE
	EndGlobalSection
	GlobalSection(ExtensibilityGlobals) = postSolution
		SolutionGuid = {815F24B9-3A98-4692-991D-9340CA1A276E}
	EndGlobalSection
EndGlobal
